
Microsoft Visual Studio Solution File, Format Version 12.00
# Visual Studio Version 17
VisualStudioVersion = 17.8.34330.188
MinimumVisualStudioVersion = 10.0.40219.1
Project("{FAE04EC0-301F-11D3-BF4B-00C04F79EFBC}") = "Phase3Project3", "Phase3Project3\Phase3Project3.csproj", "{70772794-B903-4DC8-A57F-3923D7D18CA8}"
EndProject
Global
	GlobalSection(SolutionConfigurationPlatforms) = preSolution
		Debug|Any CPU = Debug|Any CPU
		Release|Any CPU = Release|Any CPU
	EndGlobalSection
	GlobalSection(ProjectConfigurationPlatforms) = postSolution
		{70772794-B903-4DC8-A57F-3923D7D18CA8}.Debug|Any CPU.ActiveCfg = Debug|Any CPU
		{70772794-B903-4DC8-A57F-3923D7D18CA8}.Debug|Any CPU.Build.0 = Debug|Any CPU
		{70772794-B903-4DC8-A57F-3923D7D18CA8}.Release|Any CPU.ActiveCfg = Release|Any CPU
		{70772794-B903-4DC8-A57F-3923D7D18CA8}.Release|Any CPU.Build.0 = Release|Any CPU
	EndGlobalSection
	GlobalSection(SolutionProperties) = preSolution
		HideSolutionNode = FALSE
	EndGlobalSection
	GlobalSection(ExtensibilityGlobals) = postSolution
		SolutionGuid = {E873CC1A-7ABE-493A-951D-E23025F5D8CC}
	EndGlobalSection
EndGlobal
